
Microsoft Visual Studio Solution File, Format Version 12.00
# Visual Studio 15
VisualStudioVersion = 15.0.28307.136
MinimumVisualStudioVersion = 10.0.40219.1
Project("{9A19103F-16F7-4668-BE54-9A1E7A4F7556}") = "MongoGenerator.WebUI", "MongoGenerator.WebUI\MongoGenerator.WebUI.csproj", "{AEF7D90F-D266-4F91-8633-3F5F5DE56146}"
EndProject
Project("{9A19103F-16F7-4668-BE54-9A1E7A4F7556}") = "MongoGenerator.Core", "MongoGenerator.Core\MongoGenerator.Core.csproj", "{FFC72875-85AD-4858-8F62-F7B88E18367E}"
EndProject
Global
	GlobalSection(SolutionConfigurationPlatforms) = preSolution
		Debug|Any CPU = Debug|Any CPU
		Release|Any CPU = Release|Any CPU
	EndGlobalSection
	GlobalSection(ProjectConfigurationPlatforms) = postSolution
		{AEF7D90F-D266-4F91-8633-3F5F5DE56146}.Debug|Any CPU.ActiveCfg = Debug|Any CPU
		{AEF7D90F-D266-4F91-8633-3F5F5DE56146}.Debug|Any CPU.Build.0 = Debug|Any CPU
		{AEF7D90F-D266-4F91-8633-3F5F5DE56146}.Release|Any CPU.ActiveCfg = Release|Any CPU
		{AEF7D90F-D266-4F91-8633-3F5F5DE56146}.Release|Any CPU.Build.0 = Release|Any CPU
		{FFC72875-85AD-4858-8F62-F7B88E18367E}.Debug|Any CPU.ActiveCfg = Debug|Any CPU
		{FFC72875-85AD-4858-8F62-F7B88E18367E}.Debug|Any CPU.Build.0 = Debug|Any CPU
		{FFC72875-85AD-4858-8F62-F7B88E18367E}.Release|Any CPU.ActiveCfg = Release|Any CPU
		{FFC72875-85AD-4858-8F62-F7B88E18367E}.Release|Any CPU.Build.0 = Release|Any CPU
	EndGlobalSection
	GlobalSection(SolutionProperties) = preSolution
		HideSolutionNode = FALSE
	EndGlobalSection
	GlobalSection(ExtensibilityGlobals) = postSolution
		SolutionGuid = {3FE0A22A-B134-49A1-B3A8-D9B0D4E86B4C}
	EndGlobalSection
EndGlobal
